
Microsoft Visual Studio Solution File, Format Version 12.00
# Visual Studio Version 17
VisualStudioVersion = 17.14.36705.20 d17.14
MinimumVisualStudioVersion = 10.0.40219.1
Project("{FAE04EC0-301F-11D3-BF4B-00C04F79EFBC}") = "TeaTimeDemo", "TeaTimeDemo\TeaTimeDemo.csproj", "{3A64234E-DCE7-4B7F-A68D-BA8D67193F87}"
EndProject
Global
	GlobalSection(SolutionConfigurationPlatforms) = preSolution
		Debug|Any CPU = Debug|Any CPU
		Release|Any CPU = Release|Any CPU
	EndGlobalSection
	GlobalSection(ProjectConfigurationPlatforms) = postSolution
		{3A64234E-DCE7-4B7F-A68D-BA8D67193F87}.Debug|Any CPU.ActiveCfg = Debug|Any CPU
		{3A64234E-DCE7-4B7F-A68D-BA8D67193F87}.Debug|Any CPU.Build.0 = Debug|Any CPU
		{3A64234E-DCE7-4B7F-A68D-BA8D67193F87}.Release|Any CPU.ActiveCfg = Release|Any CPU
		{3A64234E-DCE7-4B7F-A68D-BA8D67193F87}.Release|Any CPU.Build.0 = Release|Any CPU
	EndGlobalSection
	GlobalSection(SolutionProperties) = preSolution
		HideSolutionNode = FALSE
	EndGlobalSection
	GlobalSection(ExtensibilityGlobals) = postSolution
		SolutionGuid = {0E88DAE2-ACEA-48C7-A2C3-88DBDC6343E4}
	EndGlobalSection
EndGlobal
